
Microsoft Visual Studio Solution File, Format Version 12.00
# Visual Studio Version 17
VisualStudioVersion = 17.14.36408.4 d17.14
MinimumVisualStudioVersion = 10.0.40219.1
Project("{FAE04EC0-301F-11D3-BF4B-00C04F79EFBC}") = "u25630998_INF164_Practical_4", "u25630998_INF164_Practical_4.csproj", "{6A7C5B59-5614-4096-B788-6545D318FB5E}"
EndProject
Global
	GlobalSection(SolutionConfigurationPlatforms) = preSolution
		Debug|Any CPU = Debug|Any CPU
		Release|Any CPU = Release|Any CPU
	EndGlobalSection
	GlobalSection(ProjectConfigurationPlatforms) = postSolution
		{6A7C5B59-5614-4096-B788-6545D318FB5E}.Debug|Any CPU.ActiveCfg = Debug|Any CPU
		{6A7C5B59-5614-4096-B788-6545D318FB5E}.Debug|Any CPU.Build.0 = Debug|Any CPU
		{6A7C5B59-5614-4096-B788-6545D318FB5E}.Release|Any CPU.ActiveCfg = Release|Any CPU
		{6A7C5B59-5614-4096-B788-6545D318FB5E}.Release|Any CPU.Build.0 = Release|Any CPU
	EndGlobalSection
	GlobalSection(SolutionProperties) = preSolution
		HideSolutionNode = FALSE
	EndGlobalSection
	GlobalSection(ExtensibilityGlobals) = postSolution
		SolutionGuid = {B6A14346-910D-4AEB-B355-EA7367135CDA}
	EndGlobalSection
EndGlobal
